
Microsoft Visual Studio Solution File, Format Version 12.00
# Visual Studio Version 16
VisualStudioVersion = 16.0.31729.503
MinimumVisualStudioVersion = 10.0.40219.1
Project("{9A19103F-16F7-4668-BE54-9A1E7A4F7556}") = "MomoIsYou", "MomoIsYou.csproj", "{46348CCA-2387-4D3D-8EE0-11D2BCC131A5}"
EndProject
Global
	GlobalSection(SolutionConfigurationPlatforms) = preSolution
		Debug|Any CPU = Debug|Any CPU
		Release|Any CPU = Release|Any CPU
	EndGlobalSection
	GlobalSection(ProjectConfigurationPlatforms) = postSolution
		{46348CCA-2387-4D3D-8EE0-11D2BCC131A5}.Debug|Any CPU.ActiveCfg = Debug|Any CPU
		{46348CCA-2387-4D3D-8EE0-11D2BCC131A5}.Debug|Any CPU.Build.0 = Debug|Any CPU
		{46348CCA-2387-4D3D-8EE0-11D2BCC131A5}.Release|Any CPU.ActiveCfg = Release|Any CPU
		{46348CCA-2387-4D3D-8EE0-11D2BCC131A5}.Release|Any CPU.Build.0 = Release|Any CPU
	EndGlobalSection
	GlobalSection(SolutionProperties) = preSolution
		HideSolutionNode = FALSE
	EndGlobalSection
	GlobalSection(ExtensibilityGlobals) = postSolution
		SolutionGuid = {DCFECA1C-F43E-4052-873B-2D4EF60569FC}
	EndGlobalSection
EndGlobal
